// !$*UTF8*$!
{
	archiveVersion = 1;
	classes = {
	};
	objectVersion = 46;
	objects = {

/* Begin PBXBuildFile section */
		8DFFA9B21936EDE100F555CC /* Foundation.framework in Frameworks */ = {isa = PBXBuildFile; fileRef = 8DFFA9B11936EDE100F555CC /* Foundation.framework */; };
		8DFFA9B41936EDE100F555CC /* CoreGraphics.framework in Frameworks */ = {isa = PBXBuildFile; fileRef = 8DFFA9B31936EDE100F555CC /* CoreGraphics.framework */; };
		8DFFA9B61936EDE100F555CC /* UIKit.framework in Frameworks */ = {isa = PBXBuildFile; fileRef = 8DFFA9B51936EDE100F555CC /* UIKit.framework */; };
		8DFFA9B81936EDE100F555CC /* GLKit.framework in Frameworks */ = {isa = PBXBuildFile; fileRef = 8DFFA9B71936EDE100F555CC /* GLKit.framework */; };
		8DFFA9BA1936EDE100F555CC /* OpenGLES.framework in Frameworks */ = {isa = PBXBuildFile; fileRef = 8DFFA9B91936EDE100F555CC /* OpenGLES.framework */; };
		8DFFA9C01936EDE100F555CC /* InfoPlist.strings in Resources */ = {isa = PBXBuildFile; fileRef = 8DFFA9BE1936EDE100F555CC /* InfoPlist.strings */; };
		8DFFA9C21936EDE100F555CC /* main.m in Sources */ = {isa = PBXBuildFile; fileRef = 8DFFA9C11936EDE100F555CC /* main.m */; };
		8DFFA9C61936EDE100F555CC /* AppDelegate.m in Sources */ = {isa = PBXBuildFile; fileRef = 8DFFA9C51936EDE100F555CC /* AppDelegate.m */; };
		8DFFA9C91936EDE100F555CC /* Main.storyboard in Resources */ = {isa = PBXBuildFile; fileRef = 8DFFA9C71936EDE100F555CC /* Main.storyboard */; };
		8DFFA9CB1936EDE100F555CC /* Shader.fsh in Resources */ = {isa = PBXBuildFile; fileRef = 8DFFA9CA1936EDE100F555CC /* Shader.fsh */; };
		8DFFA9CD1936EDE100F555CC /* Shader.vsh in Resources */ = {isa = PBXBuildFile; fileRef = 8DFFA9CC1936EDE100F555CC /* Shader.vsh */; };
		8DFFA9D01936EDE100F555CC /* ViewController.m in Sources */ = {isa = PBXBuildFile; fileRef = 8DFFA9CF1936EDE100F555CC /* ViewController.m */; };
		8DFFA9D21936EDE100F555CC /* Images.xcassets in Resources */ = {isa = PBXBuildFile; fileRef = 8DFFA9D11936EDE100F555CC /* Images.xcassets */; };
		8DFFA9D91936EDE100F555CC /* XCTest.framework in Frameworks */ = {isa = PBXBuildFile; fileRef = 8DFFA9D81936EDE100F555CC /* XCTest.framework */; };
		8DFFA9DA1936EDE100F555CC /* Foundation.framework in Frameworks */ = {isa = PBXBuildFile; fileRef = 8DFFA9B11936EDE100F555CC /* Foundation.framework */; };
		8DFFA9DB1936EDE100F555CC /* UIKit.framework in Frameworks */ = {isa = PBXBuildFile; fileRef = 8DFFA9B51936EDE100F555CC /* UIKit.framework */; };
		8DFFA9E31936EDE100F555CC /* InfoPlist.strings in Resources */ = {isa = PBXBuildFile; fileRef = 8DFFA9E11936EDE100F555CC /* InfoPlist.strings */; };
		8DFFA9E51936EDE100F555CC /* BouncySquareTests.m in Sources */ = {isa = PBXBuildFile; fileRef = 8DFFA9E41936EDE100F555CC /* BouncySquareTests.m */; };
/* End PBXBuildFile section */

/* Begin PBXContainerItemProxy section */
		8DFFA9DC1936EDE100F555CC /* PBXContainerItemProxy */ = {
			isa = PBXContainerItemProxy;
			containerPortal = 8DFFA9A61936EDE100F555CC /* Project object */;
			proxyType = 1;
			remoteGlobalIDString = 8DFFA9AD1936EDE100F555CC;
			remoteInfo = BouncySquare;
		};
/* End PBXContainerItemProxy section */

/* Begin PBXFileReference section */
		8DFFA9AE1936EDE100F555CC /* BouncySquare.app */ = {isa = PBXFileReference; explicitFileType = wrapper.application; includeInIndex = 0; path = BouncySquare.app; sourceTree = BUILT_PRODUCTS_DIR; };
		8DFFA9B11936EDE100F555CC /* Foundation.framework */ = {isa = PBXFileReference; lastKnownFileType = wrapper.framework; name = Foundation.framework; path = System/Library/Frameworks/Foundation.framework; sourceTree = SDKROOT; };
		8DFFA9B31936EDE100F555CC /* CoreGraphics.framework */ = {isa = PBXFileReference; lastKnownFileType = wrapper.framework; name = CoreGraphics.framework; path = System/Library/Frameworks/CoreGraphics.framework; sourceTree = SDKROOT; };
		8DFFA9B51936EDE100F555CC /* UIKit.framework */ = {isa = PBXFileReference; lastKnownFileType = wrapper.framework; name = UIKit.framework; path = System/Library/Frameworks/UIKit.framework; sourceTree = SDKROOT; };
		8DFFA9B71936EDE100F555CC /* GLKit.framework */ = {isa = PBXFileReference; lastKnownFileType = wrapper.framework; name = GLKit.framework; path = System/Library/Frameworks/GLKit.framework; sourceTree = SDKROOT; };
		8DFFA9B91936EDE100F555CC /* OpenGLES.framework */ = {isa = PBXFileReference; lastKnownFileType = wrapper.framework; name = OpenGLES.framework; path = System/Library/Frameworks/OpenGLES.framework; sourceTree = SDKROOT; };
		8DFFA9BD1936EDE100F555CC /* BouncySquare-Info.plist */ = {isa = PBXFileReference; lastKnownFileType = text.plist.xml; path = "BouncySquare-Info.plist"; sourceTree = "<group>"; };
		8DFFA9BF1936EDE100F555CC /* en */ = {isa = PBXFileReference; lastKnownFileType = text.plist.strings; name = en; path = en.lproj/InfoPlist.strings; sourceTree = "<group>"; };
		8DFFA9C11936EDE100F555CC /* main.m */ = {isa = PBXFileReference; lastKnownFileType = sourcecode.c.objc; path = main.m; sourceTree = "<group>"; };
		8DFFA9C31936EDE100F555CC /* BouncySquare-Prefix.pch */ = {isa = PBXFileReference; lastKnownFileType = sourcecode.c.h; path = "BouncySquare-Prefix.pch"; sourceTree = "<group>"; };
		8DFFA9C41936EDE100F555CC /* AppDelegate.h */ = {isa = PBXFileReference; lastKnownFileType = sourcecode.c.h; path = AppDelegate.h; sourceTree = "<group>"; };
		8DFFA9C51936EDE100F555CC /* AppDelegate.m */ = {isa = PBXFileReference; lastKnownFileType = sourcecode.c.objc; path = AppDelegate.m; sourceTree = "<group>"; };
		8DFFA9C81936EDE100F555CC /* Base */ = {isa = PBXFileReference; lastKnownFileType = file.storyboard; name = Base; path = Base.lproj/Main.storyboard; sourceTree = "<group>"; };
		8DFFA9CA1936EDE100F555CC /* Shader.fsh */ = {isa = PBXFileReference; lastKnownFileType = sourcecode.glsl; name = Shader.fsh; path = Shaders/Shader.fsh; sourceTree = "<group>"; };
		8DFFA9CC1936EDE100F555CC /* Shader.vsh */ = {isa = PBXFileReference; lastKnownFileType = sourcecode.glsl; name = Shader.vsh; path = Shaders/Shader.vsh; sourceTree = "<group>"; };
		8DFFA9CE1936EDE100F555CC /* ViewController.h */ = {isa = PBXFileReference; lastKnownFileType = sourcecode.c.h; path = ViewController.h; sourceTree = "<group>"; };
		8DFFA9CF1936EDE100F555CC /* ViewController.m */ = {isa = PBXFileReference; lastKnownFileType = sourcecode.c.objc; path = ViewController.m; sourceTree = "<group>"; };
		8DFFA9D11936EDE100F555CC /* Images.xcassets */ = {isa = PBXFileReference; lastKnownFileType = folder.assetcatalog; path = Images.xcassets; sourceTree = "<group>"; };
		8DFFA9D71936EDE100F555CC /* BouncySquareTests.xctest */ = {isa = PBXFileReference; explicitFileType = wrapper.cfbundle; includeInIndex = 0; path = BouncySquareTests.xctest; sourceTree = BUILT_PRODUCTS_DIR; };
		8DFFA9D81936EDE100F555CC /* XCTest.framework */ = {isa = PBXFileReference; lastKnownFileType = wrapper.framework; name = XCTest.framework; path = Library/Frameworks/XCTest.framework; sourceTree = DEVELOPER_DIR; };
		8DFFA9E01936EDE100F555CC /* BouncySquareTests-Info.plist */ = {isa = PBXFileReference; lastKnownFileType = text.plist.xml; path = "BouncySquareTests-Info.plist"; sourceTree = "<group>"; };
		8DFFA9E21936EDE100F555CC /* en */ = {isa = PBXFileReference; lastKnownFileType = text.plist.strings; name = en; path = en.lproj/InfoPlist.strings; sourceTree = "<group>"; };
		8DFFA9E41936EDE100F555CC /* BouncySquareTests.m */ = {isa = PBXFileReference; lastKnownFileType = sourcecode.c.objc; path = BouncySquareTests.m; sourceTree = "<group>"; };
/* End PBXFileReference section */

/* Begin PBXFrameworksBuildPhase section */
		8DFFA9AB1936EDE100F555CC /* Frameworks */ = {
			isa = PBXFrameworksBuildPhase;
			buildActionMask = 2147483647;
			files = (
				8DFFA9BA1936EDE100F555CC /* OpenGLES.framework in Frameworks */,
				8DFFA9B41936EDE100F555CC /* CoreGraphics.framework in Frameworks */,
				8DFFA9B61936EDE100F555CC /* UIKit.framework in Frameworks */,
				8DFFA9B81936EDE100F555CC /* GLKit.framework in Frameworks */,
				8DFFA9B21936EDE100F555CC /* Foundation.framework in Frameworks */,
			);
			runOnlyForDeploymentPostprocessing = 0;
		};
		8DFFA9D41936EDE100F555CC /* Frameworks */ = {
			isa = PBXFrameworksBuildPhase;
			buildActionMask = 2147483647;
			files = (
				8DFFA9D91936EDE100F555CC /* XCTest.framework in Frameworks */,
				8DFFA9DB1936EDE100F555CC /* UIKit.framework in Frameworks */,
				8DFFA9DA1936EDE100F555CC /* Foundation.framework in Frameworks */,
			);
			runOnlyForDeploymentPostprocessing = 0;
		};
/* End PBXFrameworksBuildPhase section */

/* Begin PBXGroup section */
		8DFFA9A51936EDE100F555CC = {
			isa = PBXGroup;
			children = (
				8DFFA9BB1936EDE100F555CC /* BouncySquare */,
				8DFFA9DE1936EDE100F555CC /* BouncySquareTests */,
				8DFFA9B01936EDE100F555CC /* Frameworks */,
				8DFFA9AF1936EDE100F555CC /* Products */,
			);
			sourceTree = "<group>";
		};
		8DFFA9AF1936EDE100F555CC /* Products */ = {
			isa = PBXGroup;
			children = (
				8DFFA9AE1936EDE100F555CC /* BouncySquare.app */,
				8DFFA9D71936EDE100F555CC /* BouncySquareTests.xctest */,
			);
			name = Products;
			sourceTree = "<group>";
		};
		8DFFA9B01936EDE100F555CC /* Frameworks */ = {
			isa = PBXGroup;
			children = (
				8DFFA9B11936EDE100F555CC /* Foundation.framework */,
				8DFFA9B31936EDE100F555CC /* CoreGraphics.framework */,
				8DFFA9B51936EDE100F555CC /* UIKit.framework */,
				8DFFA9B71936EDE100F555CC /* GLKit.framework */,
				8DFFA9B91936EDE100F555CC /* OpenGLES.framework */,
				8DFFA9D81936EDE100F555CC /* XCTest.framework */,
			);
			name = Frameworks;
			sourceTree = "<group>";
		};
		8DFFA9BB1936EDE100F555CC /* BouncySquare */ = {
			isa = PBXGroup;
			children = (
				8DFFA9C41936EDE100F555CC /* AppDelegate.h */,
				8DFFA9C51936EDE100F555CC /* AppDelegate.m */,
				8DFFA9C71936EDE100F555CC /* Main.storyboard */,
				8DFFA9CA1936EDE100F555CC /* Shader.fsh */,
				8DFFA9CC1936EDE100F555CC /* Shader.vsh */,
				8DFFA9CE1936EDE100F555CC /* ViewController.h */,
				8DFFA9CF1936EDE100F555CC /* ViewController.m */,
				8DFFA9D11936EDE100F555CC /* Images.xcassets */,
				8DFFA9BC1936EDE100F555CC /* Supporting Files */,
			);
			path = BouncySquare;
			sourceTree = "<group>";
		};
		8DFFA9BC1936EDE100F555CC /* Supporting Files */ = {
			isa = PBXGroup;
			children = (
				8DFFA9BD1936EDE100F555CC /* BouncySquare-Info.plist */,
				8DFFA9BE1936EDE100F555CC /* InfoPlist.strings */,
				8DFFA9C11936EDE100F555CC /* main.m */,
				8DFFA9C31936EDE100F555CC /* BouncySquare-Prefix.pch */,
			);
			name = "Supporting Files";
			sourceTree = "<group>";
		};
		8DFFA9DE1936EDE100F555CC /* BouncySquareTests */ = {
			isa = PBXGroup;
			children = (
				8DFFA9E41936EDE100F555CC /* BouncySquareTests.m */,
				8DFFA9DF1936EDE100F555CC /* Supporting Files */,
			);
			path = BouncySquareTests;
			sourceTree = "<group>";
		};
		8DFFA9DF1936EDE100F555CC /* Supporting Files */ = {
			isa = PBXGroup;
			children = (
				8DFFA9E01936EDE100F555CC /* BouncySquareTests-Info.plist */,
				8DFFA9E11936EDE100F555CC /* InfoPlist.strings */,
			);
			name = "Supporting Files";
			sourceTree = "<group>";
		};
/* End PBXGroup section */

/* Begin PBXNativeTarget section */
		8DFFA9AD1936EDE100F555CC /* BouncySquare */ = {
			isa = PBXNativeTarget;
			buildConfigurationList = 8DFFA9E81936EDE100F555CC /* Build configuration list for PBXNativeTarget "BouncySquare" */;
			buildPhases = (
				8DFFA9AA1936EDE100F555CC /* Sources */,
				8DFFA9AB1936EDE100F555CC /* Frameworks */,
				8DFFA9AC1936EDE100F555CC /* Resources */,
			);
			buildRules = (
			);
			dependencies = (
			);
			name = BouncySquare;
			productName = BouncySquare;
			productReference = 8DFFA9AE1936EDE100F555CC /* BouncySquare.app */;
			productType = "com.apple.product-type.application";
		};
		8DFFA9D61936EDE100F555CC /* BouncySquareTests */ = {
			isa = PBXNativeTarget;
			buildConfigurationList = 8DFFA9EB1936EDE100F555CC /* Build configuration list for PBXNativeTarget "BouncySquareTests" */;
			buildPhases = (
				8DFFA9D31936EDE100F555CC /* Sources */,
				8DFFA9D41936EDE100F555CC /* Frameworks */,
				8DFFA9D51936EDE100F555CC /* Resources */,
			);
			buildRules = (
			);
			dependencies = (
				8DFFA9DD1936EDE100F555CC /* PBXTargetDependency */,
			);
			name = BouncySquareTests;
			productName = BouncySquareTests;
			productReference = 8DFFA9D71936EDE100F555CC /* BouncySquareTests.xctest */;
			productType = "com.apple.product-type.bundle.unit-test";
		};
/* End PBXNativeTarget section */

/* Begin PBXProject section */
		8DFFA9A61936EDE100F555CC /* Project object */ = {
			isa = PBXProject;
			attributes = {
				LastUpgradeCheck = 0510;
				ORGANIZATIONNAME = "RICOH IT Solutions, Inc.";
				TargetAttributes = {
					8DFFA9D61936EDE100F555CC = {
						TestTargetID = 8DFFA9AD1936EDE100F555CC;
					};
				};
			};
			buildConfigurationList = 8DFFA9A91936EDE100F555CC /* Build configuration list for PBXProject "BouncySquare" */;
			compatibilityVersion = "Xcode 3.2";
			developmentRegion = English;
			hasScannedForEncodings = 0;
			knownRegions = (
				en,
				Base,
			);
			mainGroup = 8DFFA9A51936EDE100F555CC;
			productRefGroup = 8DFFA9AF1936EDE100F555CC /* Products */;
			projectDirPath = "";
			projectRoot = "";
			targets = (
				8DFFA9AD1936EDE100F555CC /* BouncySquare */,
				8DFFA9D61936EDE100F555CC /* BouncySquareTests */,
			);
		};
/* End PBXProject section */

/* Begin PBXResourcesBuildPhase section */
		8DFFA9AC1936EDE100F555CC /* Resources */ = {
			isa = PBXResourcesBuildPhase;
			buildActionMask = 2147483647;
			files = (
				8DFFA9CD1936EDE100F555CC /* Shader.vsh in Resources */,
				8DFFA9D21936EDE100F555CC /* Images.xcassets in Resources */,
				8DFFA9CB1936EDE100F555CC /* Shader.fsh in Resources */,
				8DFFA9C01936EDE100F555CC /* InfoPlist.strings in Resources */,
				8DFFA9C91936EDE100F555CC /* Main.storyboard in Resources */,
			);
			runOnlyForDeploymentPostprocessing = 0;
		};
		8DFFA9D51936EDE100F555CC /* Resources */ = {
			isa = PBXResourcesBuildPhase;
			buildActionMask = 2147483647;
			files = (
				8DFFA9E31936EDE100F555CC /* InfoPlist.strings in Resources */,
			);
			runOnlyForDeploymentPostprocessing = 0;
		};
/* End PBXResourcesBuildPhase section */

/* Begin PBXSourcesBuildPhase section */
		8DFFA9AA1936EDE100F555CC /* Sources */ = {
			isa = PBXSourcesBuildPhase;
			buildActionMask = 2147483647;
			files = (
				8DFFA9D01936EDE100F555CC /* ViewController.m in Sources */,
				8DFFA9C61936EDE100F555CC /* AppDelegate.m in Sources */,
				8DFFA9C21936EDE100F555CC /* main.m in Sources */,
			);
			runOnlyForDeploymentPostprocessing = 0;
		};
		8DFFA9D31936EDE100F555CC /* Sources */ = {
			isa = PBXSourcesBuildPhase;
			buildActionMask = 2147483647;
			files = (
				8DFFA9E51936EDE100F555CC /* BouncySquareTests.m in Sources */,
			);
			runOnlyForDeploymentPostprocessing = 0;
		};
/* End PBXSourcesBuildPhase section */

/* Begin PBXTargetDependency section */
		8DFFA9DD1936EDE100F555CC /* PBXTargetDependency */ = {
			isa = PBXTargetDependency;
			target = 8DFFA9AD1936EDE100F555CC /* BouncySquare */;
			targetProxy = 8DFFA9DC1936EDE100F555CC /* PBXContainerItemProxy */;
		};
/* End PBXTargetDependency section */

/* Begin PBXVariantGroup section */
		8DFFA9BE1936EDE100F555CC /* InfoPlist.strings */ = {
			isa = PBXVariantGroup;
			children = (
				8DFFA9BF1936EDE100F555CC /* en */,
			);
			name = InfoPlist.strings;
			sourceTree = "<group>";
		};
		8DFFA9C71936EDE100F555CC /* Main.storyboard */ = {
			isa = PBXVariantGroup;
			children = (
				8DFFA9C81936EDE100F555CC /* Base */,
			);
			name = Main.storyboard;
			sourceTree = "<group>";
		};
		8DFFA9E11936EDE100F555CC /* InfoPlist.strings */ = {
			isa = PBXVariantGroup;
			children = (
				8DFFA9E21936EDE100F555CC /* en */,
			);
			name = InfoPlist.strings;
			sourceTree = "<group>";
		};
/* End PBXVariantGroup section */

/* Begin XCBuildConfiguration section */
		8DFFA9E61936EDE100F555CC /* Debug */ = {
			isa = XCBuildConfiguration;
			buildSettings = {
				ALWAYS_SEARCH_USER_PATHS = NO;
				CLANG_CXX_LANGUAGE_STANDARD = "gnu++0x";
				CLANG_CXX_LIBRARY = "libc++";
				CLANG_ENABLE_MODULES = YES;
				CLANG_ENABLE_OBJC_ARC = YES;
				CLANG_WARN_BOOL_CONVERSION = YES;
				CLANG_WARN_CONSTANT_CONVERSION = YES;
				CLANG_WARN_DIRECT_OBJC_ISA_USAGE = YES_ERROR;
				CLANG_WARN_EMPTY_BODY = YES;
				CLANG_WARN_ENUM_CONVERSION = YES;
				CLANG_WARN_INT_CONVERSION = YES;
				CLANG_WARN_OBJC_ROOT_CLASS = YES_ERROR;
				CLANG_WARN__DUPLICATE_METHOD_MATCH = YES;
				"CODE_SIGN_IDENTITY[sdk=iphoneos*]" = "iPhone Developer";
				COPY_PHASE_STRIP = NO;
				GCC_C_LANGUAGE_STANDARD = gnu99;
				GCC_DYNAMIC_NO_PIC = NO;
				GCC_OPTIMIZATION_LEVEL = 0;
				GCC_PREPROCESSOR_DEFINITIONS = (
					"DEBUG=1",
					"$(inherited)",
				);
				GCC_SYMBOLS_PRIVATE_EXTERN = NO;
				GCC_WARN_64_TO_32_BIT_CONVERSION = YES;
				GCC_WARN_ABOUT_RETURN_TYPE = YES_ERROR;
				GCC_WARN_UNDECLARED_SELECTOR = YES;
				GCC_WARN_UNINITIALIZED_AUTOS = YES_AGGRESSIVE;
				GCC_WARN_UNUSED_FUNCTION = YES;
				GCC_WARN_UNUSED_VARIABLE = YES;
				IPHONEOS_DEPLOYMENT_TARGET = 7.1;
				ONLY_ACTIVE_ARCH = YES;
				SDKROOT = iphoneos;
			};
			name = Debug;
		};
		8DFFA9E71936EDE100F555CC /* Release */ = {
			isa = XCBuildConfiguration;
			buildSettings = {
				ALWAYS_SEARCH_USER_PATHS = NO;
				CLANG_CXX_LANGUAGE_STANDARD = "gnu++0x";
				CLANG_CXX_LIBRARY = "libc++";
				CLANG_ENABLE_MODULES = YES;
				CLANG_ENABLE_OBJC_ARC = YES;
				CLANG_WARN_BOOL_CONVERSION = YES;
				CLANG_WARN_CONSTANT_CONVERSION = YES;
				CLANG_WARN_DIRECT_OBJC_ISA_USAGE = YES_ERROR;
				CLANG_WARN_EMPTY_BODY = YES;
				CLANG_WARN_ENUM_CONVERSION = YES;
				CLANG_WARN_INT_CONVERSION = YES;
				CLANG_WARN_OBJC_ROOT_CLASS = YES_ERROR;
				CLANG_WARN__DUPLICATE_METHOD_MATCH = YES;
				"CODE_SIGN_IDENTITY[sdk=iphoneos*]" = "iPhone Developer";
				COPY_PHASE_STRIP = YES;
				ENABLE_NS_ASSERTIONS = NO;
				GCC_C_LANGUAGE_STANDARD = gnu99;
				GCC_WARN_64_TO_32_BIT_CONVERSION = YES;
				GCC_WARN_ABOUT_RETURN_TYPE = YES_ERROR;
				GCC_WARN_UNDECLARED_SELECTOR = YES;
				GCC_WARN_UNINITIALIZED_AUTOS = YES_AGGRESSIVE;
				GCC_WARN_UNUSED_FUNCTION = YES;
				GCC_WARN_UNUSED_VARIABLE = YES;
				IPHONEOS_DEPLOYMENT_TARGET = 7.1;
				SDKROOT = iphoneos;
				VALIDATE_PRODUCT = YES;
			};
			name = Release;
		};
		8DFFA9E91936EDE100F555CC /* Debug */ = {
			isa = XCBuildConfiguration;
			buildSettings = {
				ASSETCATALOG_COMPILER_APPICON_NAME = AppIcon;
				ASSETCATALOG_COMPILER_LAUNCHIMAGE_NAME = LaunchImage;
				GCC_PRECOMPILE_PREFIX_HEADER = YES;
				GCC_PREFIX_HEADER = "BouncySquare/BouncySquare-Prefix.pch";
				INFOPLIST_FILE = "BouncySquare/BouncySquare-Info.plist";
				PRODUCT_NAME = "$(TARGET_NAME)";
				WRAPPER_EXTENSION = app;
			};
			name = Debug;
		};
		8DFFA9EA1936EDE100F555CC /* Release */ = {
			isa = XCBuildConfiguration;
			buildSettings = {
				ASSETCATALOG_COMPILER_APPICON_NAME = AppIcon;
				ASSETCATALOG_COMPILER_LAUNCHIMAGE_NAME = LaunchImage;
				GCC_PRECOMPILE_PREFIX_HEADER = YES;
				GCC_PREFIX_HEADER = "BouncySquare/BouncySquare-Prefix.pch";
				INFOPLIST_FILE = "BouncySquare/BouncySquare-Info.plist";
				PRODUCT_NAME = "$(TARGET_NAME)";
				WRAPPER_EXTENSION = app;
			};
			name = Release;
		};
		8DFFA9EC1936EDE100F555CC /* Debug */ = {
			isa = XCBuildConfiguration;
			buildSettings = {
				BUNDLE_LOADER = "$(BUILT_PRODUCTS_DIR)/BouncySquare.app/BouncySquare";
				FRAMEWORK_SEARCH_PATHS = (
					"$(SDKROOT)/Developer/Library/Frameworks",
					"$(inherited)",
					"$(DEVELOPER_FRAMEWORKS_DIR)",
				);
				GCC_PRECOMPILE_PREFIX_HEADER = YES;
				GCC_PREFIX_HEADER = "BouncySquare/BouncySquare-Prefix.pch";
				GCC_PREPROCESSOR_DEFINITIONS = (
					"DEBUG=1",
					"$(inherited)",
				);
				INFOPLIST_FILE = "BouncySquareTests/BouncySquareTests-Info.plist";
				PRODUCT_NAME = "$(TARGET_NAME)";
				TEST_HOST = "$(BUNDLE_LOADER)";
				WRAPPER_EXTENSION = xctest;
			};
			name = Debug;
		};
		8DFFA9ED1936EDE100F555CC /* Release */ = {
			isa = XCBuildConfiguration;
			buildSettings = {
				BUNDLE_LOADER = "$(BUILT_PRODUCTS_DIR)/BouncySquare.app/BouncySquare";
				FRAMEWORK_SEARCH_PATHS = (
					"$(SDKROOT)/Developer/Library/Frameworks",
					"$(inherited)",
					"$(DEVELOPER_FRAMEWORKS_DIR)",
				);
				GCC_PRECOMPILE_PREFIX_HEADER = YES;
				GCC_PREFIX_HEADER = "BouncySquare/BouncySquare-Prefix.pch";
				INFOPLIST_FILE = "BouncySquareTests/BouncySquareTests-Info.plist";
				PRODUCT_NAME = "$(TARGET_NAME)";
				TEST_HOST = "$(BUNDLE_LOADER)";
				WRAPPER_EXTENSION = xctest;
			};
			name = Release;
		};
/* End XCBuildConfiguration section */

/* Begin XCConfigurationList section */
		8DFFA9A91936EDE100F555CC /* Build configuration list for PBXProject "BouncySquare" */ = {
			isa = XCConfigurationList;
			buildConfigurations = (
				8DFFA9E61936EDE100F555CC /* Debug */,
				8DFFA9E71936EDE100F555CC /* Release */,
			);
			defaultConfigurationIsVisible = 0;
			defaultConfigurationName = Release;
		};
		8DFFA9E81936EDE100F555CC /* Build configuration list for PBXNativeTarget "BouncySquare" */ = {
			isa = XCConfigurationList;
			buildConfigurations = (
				8DFFA9E91936EDE100F555CC /* Debug */,
				8DFFA9EA1936EDE100F555CC /* Release */,
			);
			defaultConfigurationIsVisible = 0;
		};
		8DFFA9EB1936EDE100F555CC /* Build configuration list for PBXNativeTarget "BouncySquareTests" */ = {
			isa = XCConfigurationList;
			buildConfigurations = (
				8DFFA9EC1936EDE100F555CC /* Debug */,
				8DFFA9ED1936EDE100F555CC /* Release */,
			);
			defaultConfigurationIsVisible = 0;
		};
/* End XCConfigurationList section */
	};
	rootObject = 8DFFA9A61936EDE100F555CC /* Project object */;
}
