// !$*UTF8*$!
{
	archiveVersion = 1;
	classes = {
	};
	objectVersion = 46;
	objects = {

/* Begin PBXBuildFile section */
		8DFFA9FB193713A300F555CC /* Foundation.framework in Frameworks */ = {isa = PBXBuildFile; fileRef = 8DFFA9FA193713A300F555CC /* Foundation.framework */; };
		8DFFA9FD193713A300F555CC /* CoreGraphics.framework in Frameworks */ = {isa = PBXBuildFile; fileRef = 8DFFA9FC193713A300F555CC /* CoreGraphics.framework */; };
		8DFFA9FF193713A300F555CC /* UIKit.framework in Frameworks */ = {isa = PBXBuildFile; fileRef = 8DFFA9FE193713A300F555CC /* UIKit.framework */; };
		8DFFAA01193713A300F555CC /* GLKit.framework in Frameworks */ = {isa = PBXBuildFile; fileRef = 8DFFAA00193713A300F555CC /* GLKit.framework */; };
		8DFFAA03193713A300F555CC /* OpenGLES.framework in Frameworks */ = {isa = PBXBuildFile; fileRef = 8DFFAA02193713A300F555CC /* OpenGLES.framework */; };
		8DFFAA09193713A300F555CC /* InfoPlist.strings in Resources */ = {isa = PBXBuildFile; fileRef = 8DFFAA07193713A300F555CC /* InfoPlist.strings */; };
		8DFFAA0B193713A300F555CC /* main.m in Sources */ = {isa = PBXBuildFile; fileRef = 8DFFAA0A193713A300F555CC /* main.m */; };
		8DFFAA0F193713A300F555CC /* AppDelegate.m in Sources */ = {isa = PBXBuildFile; fileRef = 8DFFAA0E193713A300F555CC /* AppDelegate.m */; };
		8DFFAA12193713A300F555CC /* Main.storyboard in Resources */ = {isa = PBXBuildFile; fileRef = 8DFFAA10193713A300F555CC /* Main.storyboard */; };
		8DFFAA14193713A300F555CC /* Shader.fsh in Resources */ = {isa = PBXBuildFile; fileRef = 8DFFAA13193713A300F555CC /* Shader.fsh */; };
		8DFFAA16193713A300F555CC /* Shader.vsh in Resources */ = {isa = PBXBuildFile; fileRef = 8DFFAA15193713A300F555CC /* Shader.vsh */; };
		8DFFAA19193713A300F555CC /* ViewController.m in Sources */ = {isa = PBXBuildFile; fileRef = 8DFFAA18193713A300F555CC /* ViewController.m */; };
		8DFFAA1B193713A300F555CC /* Images.xcassets in Resources */ = {isa = PBXBuildFile; fileRef = 8DFFAA1A193713A300F555CC /* Images.xcassets */; };
		8DFFAA22193713A300F555CC /* XCTest.framework in Frameworks */ = {isa = PBXBuildFile; fileRef = 8DFFAA21193713A300F555CC /* XCTest.framework */; };
		8DFFAA23193713A300F555CC /* Foundation.framework in Frameworks */ = {isa = PBXBuildFile; fileRef = 8DFFA9FA193713A300F555CC /* Foundation.framework */; };
		8DFFAA24193713A300F555CC /* UIKit.framework in Frameworks */ = {isa = PBXBuildFile; fileRef = 8DFFA9FE193713A300F555CC /* UIKit.framework */; };
		8DFFAA2C193713A300F555CC /* InfoPlist.strings in Resources */ = {isa = PBXBuildFile; fileRef = 8DFFAA2A193713A300F555CC /* InfoPlist.strings */; };
		8DFFAA2E193713A300F555CC /* PlanetSampleTests.m in Sources */ = {isa = PBXBuildFile; fileRef = 8DFFAA2D193713A300F555CC /* PlanetSampleTests.m */; };
		8DFFAA391937141000F555CC /* Planet.m in Sources */ = {isa = PBXBuildFile; fileRef = 8DFFAA381937141000F555CC /* Planet.m */; };
		8DFFAA3C19371B4600F555CC /* OpenGLSolarSystemController.m in Sources */ = {isa = PBXBuildFile; fileRef = 8DFFAA3B19371B4600F555CC /* OpenGLSolarSystemController.m */; };
/* End PBXBuildFile section */

/* Begin PBXContainerItemProxy section */
		8DFFAA25193713A300F555CC /* PBXContainerItemProxy */ = {
			isa = PBXContainerItemProxy;
			containerPortal = 8DFFA9EF193713A300F555CC /* Project object */;
			proxyType = 1;
			remoteGlobalIDString = 8DFFA9F6193713A300F555CC;
			remoteInfo = PlanetSample;
		};
/* End PBXContainerItemProxy section */

/* Begin PBXFileReference section */
		8DFFA9F7193713A300F555CC /* PlanetSample.app */ = {isa = PBXFileReference; explicitFileType = wrapper.application; includeInIndex = 0; path = PlanetSample.app; sourceTree = BUILT_PRODUCTS_DIR; };
		8DFFA9FA193713A300F555CC /* Foundation.framework */ = {isa = PBXFileReference; lastKnownFileType = wrapper.framework; name = Foundation.framework; path = System/Library/Frameworks/Foundation.framework; sourceTree = SDKROOT; };
		8DFFA9FC193713A300F555CC /* CoreGraphics.framework */ = {isa = PBXFileReference; lastKnownFileType = wrapper.framework; name = CoreGraphics.framework; path = System/Library/Frameworks/CoreGraphics.framework; sourceTree = SDKROOT; };
		8DFFA9FE193713A300F555CC /* UIKit.framework */ = {isa = PBXFileReference; lastKnownFileType = wrapper.framework; name = UIKit.framework; path = System/Library/Frameworks/UIKit.framework; sourceTree = SDKROOT; };
		8DFFAA00193713A300F555CC /* GLKit.framework */ = {isa = PBXFileReference; lastKnownFileType = wrapper.framework; name = GLKit.framework; path = System/Library/Frameworks/GLKit.framework; sourceTree = SDKROOT; };
		8DFFAA02193713A300F555CC /* OpenGLES.framework */ = {isa = PBXFileReference; lastKnownFileType = wrapper.framework; name = OpenGLES.framework; path = System/Library/Frameworks/OpenGLES.framework; sourceTree = SDKROOT; };
		8DFFAA06193713A300F555CC /* PlanetSample-Info.plist */ = {isa = PBXFileReference; lastKnownFileType = text.plist.xml; path = "PlanetSample-Info.plist"; sourceTree = "<group>"; };
		8DFFAA08193713A300F555CC /* en */ = {isa = PBXFileReference; lastKnownFileType = text.plist.strings; name = en; path = en.lproj/InfoPlist.strings; sourceTree = "<group>"; };
		8DFFAA0A193713A300F555CC /* main.m */ = {isa = PBXFileReference; lastKnownFileType = sourcecode.c.objc; path = main.m; sourceTree = "<group>"; };
		8DFFAA0C193713A300F555CC /* PlanetSample-Prefix.pch */ = {isa = PBXFileReference; lastKnownFileType = sourcecode.c.h; path = "PlanetSample-Prefix.pch"; sourceTree = "<group>"; };
		8DFFAA0D193713A300F555CC /* AppDelegate.h */ = {isa = PBXFileReference; lastKnownFileType = sourcecode.c.h; path = AppDelegate.h; sourceTree = "<group>"; };
		8DFFAA0E193713A300F555CC /* AppDelegate.m */ = {isa = PBXFileReference; lastKnownFileType = sourcecode.c.objc; path = AppDelegate.m; sourceTree = "<group>"; };
		8DFFAA11193713A300F555CC /* Base */ = {isa = PBXFileReference; lastKnownFileType = file.storyboard; name = Base; path = Base.lproj/Main.storyboard; sourceTree = "<group>"; };
		8DFFAA13193713A300F555CC /* Shader.fsh */ = {isa = PBXFileReference; lastKnownFileType = sourcecode.glsl; name = Shader.fsh; path = Shaders/Shader.fsh; sourceTree = "<group>"; };
		8DFFAA15193713A300F555CC /* Shader.vsh */ = {isa = PBXFileReference; lastKnownFileType = sourcecode.glsl; name = Shader.vsh; path = Shaders/Shader.vsh; sourceTree = "<group>"; };
		8DFFAA17193713A300F555CC /* ViewController.h */ = {isa = PBXFileReference; lastKnownFileType = sourcecode.c.h; path = ViewController.h; sourceTree = "<group>"; };
		8DFFAA18193713A300F555CC /* ViewController.m */ = {isa = PBXFileReference; lastKnownFileType = sourcecode.c.objc; path = ViewController.m; sourceTree = "<group>"; };
		8DFFAA1A193713A300F555CC /* Images.xcassets */ = {isa = PBXFileReference; lastKnownFileType = folder.assetcatalog; path = Images.xcassets; sourceTree = "<group>"; };
		8DFFAA20193713A300F555CC /* PlanetSampleTests.xctest */ = {isa = PBXFileReference; explicitFileType = wrapper.cfbundle; includeInIndex = 0; path = PlanetSampleTests.xctest; sourceTree = BUILT_PRODUCTS_DIR; };
		8DFFAA21193713A300F555CC /* XCTest.framework */ = {isa = PBXFileReference; lastKnownFileType = wrapper.framework; name = XCTest.framework; path = Library/Frameworks/XCTest.framework; sourceTree = DEVELOPER_DIR; };
		8DFFAA29193713A300F555CC /* PlanetSampleTests-Info.plist */ = {isa = PBXFileReference; lastKnownFileType = text.plist.xml; path = "PlanetSampleTests-Info.plist"; sourceTree = "<group>"; };
		8DFFAA2B193713A300F555CC /* en */ = {isa = PBXFileReference; lastKnownFileType = text.plist.strings; name = en; path = en.lproj/InfoPlist.strings; sourceTree = "<group>"; };
		8DFFAA2D193713A300F555CC /* PlanetSampleTests.m */ = {isa = PBXFileReference; lastKnownFileType = sourcecode.c.objc; path = PlanetSampleTests.m; sourceTree = "<group>"; };
		8DFFAA371937141000F555CC /* Planet.h */ = {isa = PBXFileReference; fileEncoding = 4; lastKnownFileType = sourcecode.c.h; path = Planet.h; sourceTree = "<group>"; };
		8DFFAA381937141000F555CC /* Planet.m */ = {isa = PBXFileReference; fileEncoding = 4; lastKnownFileType = sourcecode.c.objc; path = Planet.m; sourceTree = "<group>"; };
		8DFFAA3A19371B4600F555CC /* OpenGLSolarSystemController.h */ = {isa = PBXFileReference; fileEncoding = 4; lastKnownFileType = sourcecode.c.h; path = OpenGLSolarSystemController.h; sourceTree = "<group>"; };
		8DFFAA3B19371B4600F555CC /* OpenGLSolarSystemController.m */ = {isa = PBXFileReference; fileEncoding = 4; lastKnownFileType = sourcecode.c.objc; path = OpenGLSolarSystemController.m; sourceTree = "<group>"; };
/* End PBXFileReference section */

/* Begin PBXFrameworksBuildPhase section */
		8DFFA9F4193713A300F555CC /* Frameworks */ = {
			isa = PBXFrameworksBuildPhase;
			buildActionMask = 2147483647;
			files = (
				8DFFAA03193713A300F555CC /* OpenGLES.framework in Frameworks */,
				8DFFA9FD193713A300F555CC /* CoreGraphics.framework in Frameworks */,
				8DFFA9FF193713A300F555CC /* UIKit.framework in Frameworks */,
				8DFFAA01193713A300F555CC /* GLKit.framework in Frameworks */,
				8DFFA9FB193713A300F555CC /* Foundation.framework in Frameworks */,
			);
			runOnlyForDeploymentPostprocessing = 0;
		};
		8DFFAA1D193713A300F555CC /* Frameworks */ = {
			isa = PBXFrameworksBuildPhase;
			buildActionMask = 2147483647;
			files = (
				8DFFAA22193713A300F555CC /* XCTest.framework in Frameworks */,
				8DFFAA24193713A300F555CC /* UIKit.framework in Frameworks */,
				8DFFAA23193713A300F555CC /* Foundation.framework in Frameworks */,
			);
			runOnlyForDeploymentPostprocessing = 0;
		};
/* End PBXFrameworksBuildPhase section */

/* Begin PBXGroup section */
		8DFFA9EE193713A300F555CC = {
			isa = PBXGroup;
			children = (
				8DFFAA04193713A300F555CC /* PlanetSample */,
				8DFFAA27193713A300F555CC /* PlanetSampleTests */,
				8DFFA9F9193713A300F555CC /* Frameworks */,
				8DFFA9F8193713A300F555CC /* Products */,
			);
			sourceTree = "<group>";
		};
		8DFFA9F8193713A300F555CC /* Products */ = {
			isa = PBXGroup;
			children = (
				8DFFA9F7193713A300F555CC /* PlanetSample.app */,
				8DFFAA20193713A300F555CC /* PlanetSampleTests.xctest */,
			);
			name = Products;
			sourceTree = "<group>";
		};
		8DFFA9F9193713A300F555CC /* Frameworks */ = {
			isa = PBXGroup;
			children = (
				8DFFA9FA193713A300F555CC /* Foundation.framework */,
				8DFFA9FC193713A300F555CC /* CoreGraphics.framework */,
				8DFFA9FE193713A300F555CC /* UIKit.framework */,
				8DFFAA00193713A300F555CC /* GLKit.framework */,
				8DFFAA02193713A300F555CC /* OpenGLES.framework */,
				8DFFAA21193713A300F555CC /* XCTest.framework */,
			);
			name = Frameworks;
			sourceTree = "<group>";
		};
		8DFFAA04193713A300F555CC /* PlanetSample */ = {
			isa = PBXGroup;
			children = (
				8DFFAA0D193713A300F555CC /* AppDelegate.h */,
				8DFFAA0E193713A300F555CC /* AppDelegate.m */,
				8DFFAA10193713A300F555CC /* Main.storyboard */,
				8DFFAA13193713A300F555CC /* Shader.fsh */,
				8DFFAA15193713A300F555CC /* Shader.vsh */,
				8DFFAA17193713A300F555CC /* ViewController.h */,
				8DFFAA18193713A300F555CC /* ViewController.m */,
				8DFFAA1A193713A300F555CC /* Images.xcassets */,
				8DFFAA05193713A300F555CC /* Supporting Files */,
				8DFFAA371937141000F555CC /* Planet.h */,
				8DFFAA381937141000F555CC /* Planet.m */,
				8DFFAA3A19371B4600F555CC /* OpenGLSolarSystemController.h */,
				8DFFAA3B19371B4600F555CC /* OpenGLSolarSystemController.m */,
			);
			path = PlanetSample;
			sourceTree = "<group>";
		};
		8DFFAA05193713A300F555CC /* Supporting Files */ = {
			isa = PBXGroup;
			children = (
				8DFFAA06193713A300F555CC /* PlanetSample-Info.plist */,
				8DFFAA07193713A300F555CC /* InfoPlist.strings */,
				8DFFAA0A193713A300F555CC /* main.m */,
				8DFFAA0C193713A300F555CC /* PlanetSample-Prefix.pch */,
			);
			name = "Supporting Files";
			sourceTree = "<group>";
		};
		8DFFAA27193713A300F555CC /* PlanetSampleTests */ = {
			isa = PBXGroup;
			children = (
				8DFFAA2D193713A300F555CC /* PlanetSampleTests.m */,
				8DFFAA28193713A300F555CC /* Supporting Files */,
			);
			path = PlanetSampleTests;
			sourceTree = "<group>";
		};
		8DFFAA28193713A300F555CC /* Supporting Files */ = {
			isa = PBXGroup;
			children = (
				8DFFAA29193713A300F555CC /* PlanetSampleTests-Info.plist */,
				8DFFAA2A193713A300F555CC /* InfoPlist.strings */,
			);
			name = "Supporting Files";
			sourceTree = "<group>";
		};
/* End PBXGroup section */

/* Begin PBXNativeTarget section */
		8DFFA9F6193713A300F555CC /* PlanetSample */ = {
			isa = PBXNativeTarget;
			buildConfigurationList = 8DFFAA31193713A300F555CC /* Build configuration list for PBXNativeTarget "PlanetSample" */;
			buildPhases = (
				8DFFA9F3193713A300F555CC /* Sources */,
				8DFFA9F4193713A300F555CC /* Frameworks */,
				8DFFA9F5193713A300F555CC /* Resources */,
			);
			buildRules = (
			);
			dependencies = (
			);
			name = PlanetSample;
			productName = PlanetSample;
			productReference = 8DFFA9F7193713A300F555CC /* PlanetSample.app */;
			productType = "com.apple.product-type.application";
		};
		8DFFAA1F193713A300F555CC /* PlanetSampleTests */ = {
			isa = PBXNativeTarget;
			buildConfigurationList = 8DFFAA34193713A300F555CC /* Build configuration list for PBXNativeTarget "PlanetSampleTests" */;
			buildPhases = (
				8DFFAA1C193713A300F555CC /* Sources */,
				8DFFAA1D193713A300F555CC /* Frameworks */,
				8DFFAA1E193713A300F555CC /* Resources */,
			);
			buildRules = (
			);
			dependencies = (
				8DFFAA26193713A300F555CC /* PBXTargetDependency */,
			);
			name = PlanetSampleTests;
			productName = PlanetSampleTests;
			productReference = 8DFFAA20193713A300F555CC /* PlanetSampleTests.xctest */;
			productType = "com.apple.product-type.bundle.unit-test";
		};
/* End PBXNativeTarget section */

/* Begin PBXProject section */
		8DFFA9EF193713A300F555CC /* Project object */ = {
			isa = PBXProject;
			attributes = {
				LastUpgradeCheck = 0510;
				ORGANIZATIONNAME = "RICOH IT Solutions, Inc.";
				TargetAttributes = {
					8DFFAA1F193713A300F555CC = {
						TestTargetID = 8DFFA9F6193713A300F555CC;
					};
				};
			};
			buildConfigurationList = 8DFFA9F2193713A300F555CC /* Build configuration list for PBXProject "PlanetSample" */;
			compatibilityVersion = "Xcode 3.2";
			developmentRegion = English;
			hasScannedForEncodings = 0;
			knownRegions = (
				en,
				Base,
			);
			mainGroup = 8DFFA9EE193713A300F555CC;
			productRefGroup = 8DFFA9F8193713A300F555CC /* Products */;
			projectDirPath = "";
			projectRoot = "";
			targets = (
				8DFFA9F6193713A300F555CC /* PlanetSample */,
				8DFFAA1F193713A300F555CC /* PlanetSampleTests */,
			);
		};
/* End PBXProject section */

/* Begin PBXResourcesBuildPhase section */
		8DFFA9F5193713A300F555CC /* Resources */ = {
			isa = PBXResourcesBuildPhase;
			buildActionMask = 2147483647;
			files = (
				8DFFAA16193713A300F555CC /* Shader.vsh in Resources */,
				8DFFAA1B193713A300F555CC /* Images.xcassets in Resources */,
				8DFFAA14193713A300F555CC /* Shader.fsh in Resources */,
				8DFFAA09193713A300F555CC /* InfoPlist.strings in Resources */,
				8DFFAA12193713A300F555CC /* Main.storyboard in Resources */,
			);
			runOnlyForDeploymentPostprocessing = 0;
		};
		8DFFAA1E193713A300F555CC /* Resources */ = {
			isa = PBXResourcesBuildPhase;
			buildActionMask = 2147483647;
			files = (
				8DFFAA2C193713A300F555CC /* InfoPlist.strings in Resources */,
			);
			runOnlyForDeploymentPostprocessing = 0;
		};
/* End PBXResourcesBuildPhase section */

/* Begin PBXSourcesBuildPhase section */
		8DFFA9F3193713A300F555CC /* Sources */ = {
			isa = PBXSourcesBuildPhase;
			buildActionMask = 2147483647;
			files = (
				8DFFAA19193713A300F555CC /* ViewController.m in Sources */,
				8DFFAA0F193713A300F555CC /* AppDelegate.m in Sources */,
				8DFFAA0B193713A300F555CC /* main.m in Sources */,
				8DFFAA391937141000F555CC /* Planet.m in Sources */,
				8DFFAA3C19371B4600F555CC /* OpenGLSolarSystemController.m in Sources */,
			);
			runOnlyForDeploymentPostprocessing = 0;
		};
		8DFFAA1C193713A300F555CC /* Sources */ = {
			isa = PBXSourcesBuildPhase;
			buildActionMask = 2147483647;
			files = (
				8DFFAA2E193713A300F555CC /* PlanetSampleTests.m in Sources */,
			);
			runOnlyForDeploymentPostprocessing = 0;
		};
/* End PBXSourcesBuildPhase section */

/* Begin PBXTargetDependency section */
		8DFFAA26193713A300F555CC /* PBXTargetDependency */ = {
			isa = PBXTargetDependency;
			target = 8DFFA9F6193713A300F555CC /* PlanetSample */;
			targetProxy = 8DFFAA25193713A300F555CC /* PBXContainerItemProxy */;
		};
/* End PBXTargetDependency section */

/* Begin PBXVariantGroup section */
		8DFFAA07193713A300F555CC /* InfoPlist.strings */ = {
			isa = PBXVariantGroup;
			children = (
				8DFFAA08193713A300F555CC /* en */,
			);
			name = InfoPlist.strings;
			sourceTree = "<group>";
		};
		8DFFAA10193713A300F555CC /* Main.storyboard */ = {
			isa = PBXVariantGroup;
			children = (
				8DFFAA11193713A300F555CC /* Base */,
			);
			name = Main.storyboard;
			sourceTree = "<group>";
		};
		8DFFAA2A193713A300F555CC /* InfoPlist.strings */ = {
			isa = PBXVariantGroup;
			children = (
				8DFFAA2B193713A300F555CC /* en */,
			);
			name = InfoPlist.strings;
			sourceTree = "<group>";
		};
/* End PBXVariantGroup section */

/* Begin XCBuildConfiguration section */
		8DFFAA2F193713A300F555CC /* Debug */ = {
			isa = XCBuildConfiguration;
			buildSettings = {
				ALWAYS_SEARCH_USER_PATHS = NO;
				CLANG_CXX_LANGUAGE_STANDARD = "gnu++0x";
				CLANG_CXX_LIBRARY = "libc++";
				CLANG_ENABLE_MODULES = YES;
				CLANG_ENABLE_OBJC_ARC = YES;
				CLANG_WARN_BOOL_CONVERSION = YES;
				CLANG_WARN_CONSTANT_CONVERSION = YES;
				CLANG_WARN_DIRECT_OBJC_ISA_USAGE = YES_ERROR;
				CLANG_WARN_EMPTY_BODY = YES;
				CLANG_WARN_ENUM_CONVERSION = YES;
				CLANG_WARN_INT_CONVERSION = YES;
				CLANG_WARN_OBJC_ROOT_CLASS = YES_ERROR;
				CLANG_WARN__DUPLICATE_METHOD_MATCH = YES;
				"CODE_SIGN_IDENTITY[sdk=iphoneos*]" = "iPhone Developer";
				COPY_PHASE_STRIP = NO;
				GCC_C_LANGUAGE_STANDARD = gnu99;
				GCC_DYNAMIC_NO_PIC = NO;
				GCC_OPTIMIZATION_LEVEL = 0;
				GCC_PREPROCESSOR_DEFINITIONS = (
					"DEBUG=1",
					"$(inherited)",
				);
				GCC_SYMBOLS_PRIVATE_EXTERN = NO;
				GCC_WARN_64_TO_32_BIT_CONVERSION = YES;
				GCC_WARN_ABOUT_RETURN_TYPE = YES_ERROR;
				GCC_WARN_UNDECLARED_SELECTOR = YES;
				GCC_WARN_UNINITIALIZED_AUTOS = YES_AGGRESSIVE;
				GCC_WARN_UNUSED_FUNCTION = YES;
				GCC_WARN_UNUSED_VARIABLE = YES;
				IPHONEOS_DEPLOYMENT_TARGET = 7.1;
				ONLY_ACTIVE_ARCH = YES;
				SDKROOT = iphoneos;
			};
			name = Debug;
		};
		8DFFAA30193713A300F555CC /* Release */ = {
			isa = XCBuildConfiguration;
			buildSettings = {
				ALWAYS_SEARCH_USER_PATHS = NO;
				CLANG_CXX_LANGUAGE_STANDARD = "gnu++0x";
				CLANG_CXX_LIBRARY = "libc++";
				CLANG_ENABLE_MODULES = YES;
				CLANG_ENABLE_OBJC_ARC = YES;
				CLANG_WARN_BOOL_CONVERSION = YES;
				CLANG_WARN_CONSTANT_CONVERSION = YES;
				CLANG_WARN_DIRECT_OBJC_ISA_USAGE = YES_ERROR;
				CLANG_WARN_EMPTY_BODY = YES;
				CLANG_WARN_ENUM_CONVERSION = YES;
				CLANG_WARN_INT_CONVERSION = YES;
				CLANG_WARN_OBJC_ROOT_CLASS = YES_ERROR;
				CLANG_WARN__DUPLICATE_METHOD_MATCH = YES;
				"CODE_SIGN_IDENTITY[sdk=iphoneos*]" = "iPhone Developer";
				COPY_PHASE_STRIP = YES;
				ENABLE_NS_ASSERTIONS = NO;
				GCC_C_LANGUAGE_STANDARD = gnu99;
				GCC_WARN_64_TO_32_BIT_CONVERSION = YES;
				GCC_WARN_ABOUT_RETURN_TYPE = YES_ERROR;
				GCC_WARN_UNDECLARED_SELECTOR = YES;
				GCC_WARN_UNINITIALIZED_AUTOS = YES_AGGRESSIVE;
				GCC_WARN_UNUSED_FUNCTION = YES;
				GCC_WARN_UNUSED_VARIABLE = YES;
				IPHONEOS_DEPLOYMENT_TARGET = 7.1;
				SDKROOT = iphoneos;
				VALIDATE_PRODUCT = YES;
			};
			name = Release;
		};
		8DFFAA32193713A300F555CC /* Debug */ = {
			isa = XCBuildConfiguration;
			buildSettings = {
				ASSETCATALOG_COMPILER_APPICON_NAME = AppIcon;
				ASSETCATALOG_COMPILER_LAUNCHIMAGE_NAME = LaunchImage;
				GCC_PRECOMPILE_PREFIX_HEADER = YES;
				GCC_PREFIX_HEADER = "PlanetSample/PlanetSample-Prefix.pch";
				INFOPLIST_FILE = "PlanetSample/PlanetSample-Info.plist";
				PRODUCT_NAME = "$(TARGET_NAME)";
				WRAPPER_EXTENSION = app;
			};
			name = Debug;
		};
		8DFFAA33193713A300F555CC /* Release */ = {
			isa = XCBuildConfiguration;
			buildSettings = {
				ASSETCATALOG_COMPILER_APPICON_NAME = AppIcon;
				ASSETCATALOG_COMPILER_LAUNCHIMAGE_NAME = LaunchImage;
				GCC_PRECOMPILE_PREFIX_HEADER = YES;
				GCC_PREFIX_HEADER = "PlanetSample/PlanetSample-Prefix.pch";
				INFOPLIST_FILE = "PlanetSample/PlanetSample-Info.plist";
				PRODUCT_NAME = "$(TARGET_NAME)";
				WRAPPER_EXTENSION = app;
			};
			name = Release;
		};
		8DFFAA35193713A300F555CC /* Debug */ = {
			isa = XCBuildConfiguration;
			buildSettings = {
				BUNDLE_LOADER = "$(BUILT_PRODUCTS_DIR)/PlanetSample.app/PlanetSample";
				FRAMEWORK_SEARCH_PATHS = (
					"$(SDKROOT)/Developer/Library/Frameworks",
					"$(inherited)",
					"$(DEVELOPER_FRAMEWORKS_DIR)",
				);
				GCC_PRECOMPILE_PREFIX_HEADER = YES;
				GCC_PREFIX_HEADER = "PlanetSample/PlanetSample-Prefix.pch";
				GCC_PREPROCESSOR_DEFINITIONS = (
					"DEBUG=1",
					"$(inherited)",
				);
				INFOPLIST_FILE = "PlanetSampleTests/PlanetSampleTests-Info.plist";
				PRODUCT_NAME = "$(TARGET_NAME)";
				TEST_HOST = "$(BUNDLE_LOADER)";
				WRAPPER_EXTENSION = xctest;
			};
			name = Debug;
		};
		8DFFAA36193713A300F555CC /* Release */ = {
			isa = XCBuildConfiguration;
			buildSettings = {
				BUNDLE_LOADER = "$(BUILT_PRODUCTS_DIR)/PlanetSample.app/PlanetSample";
				FRAMEWORK_SEARCH_PATHS = (
					"$(SDKROOT)/Developer/Library/Frameworks",
					"$(inherited)",
					"$(DEVELOPER_FRAMEWORKS_DIR)",
				);
				GCC_PRECOMPILE_PREFIX_HEADER = YES;
				GCC_PREFIX_HEADER = "PlanetSample/PlanetSample-Prefix.pch";
				INFOPLIST_FILE = "PlanetSampleTests/PlanetSampleTests-Info.plist";
				PRODUCT_NAME = "$(TARGET_NAME)";
				TEST_HOST = "$(BUNDLE_LOADER)";
				WRAPPER_EXTENSION = xctest;
			};
			name = Release;
		};
/* End XCBuildConfiguration section */

/* Begin XCConfigurationList section */
		8DFFA9F2193713A300F555CC /* Build configuration list for PBXProject "PlanetSample" */ = {
			isa = XCConfigurationList;
			buildConfigurations = (
				8DFFAA2F193713A300F555CC /* Debug */,
				8DFFAA30193713A300F555CC /* Release */,
			);
			defaultConfigurationIsVisible = 0;
			defaultConfigurationName = Release;
		};
		8DFFAA31193713A300F555CC /* Build configuration list for PBXNativeTarget "PlanetSample" */ = {
			isa = XCConfigurationList;
			buildConfigurations = (
				8DFFAA32193713A300F555CC /* Debug */,
				8DFFAA33193713A300F555CC /* Release */,
			);
			defaultConfigurationIsVisible = 0;
		};
		8DFFAA34193713A300F555CC /* Build configuration list for PBXNativeTarget "PlanetSampleTests" */ = {
			isa = XCConfigurationList;
			buildConfigurations = (
				8DFFAA35193713A300F555CC /* Debug */,
				8DFFAA36193713A300F555CC /* Release */,
			);
			defaultConfigurationIsVisible = 0;
		};
/* End XCConfigurationList section */
	};
	rootObject = 8DFFA9EF193713A300F555CC /* Project object */;
}
